
Microsoft Visual Studio Solution File, Format Version 12.00
# Visual Studio Version 17
VisualStudioVersion = 17.9.34723.18
MinimumVisualStudioVersion = 10.0.40219.1
Project("{9A19103F-16F7-4668-BE54-9A1E7A4F7556}") = "CalculadoraFiguras", "CalculadoraFiguras\CalculadoraFiguras.csproj", "{16E8EC64-77A6-49C8-AF66-C3643EA95237}"
EndProject
Project("{9A19103F-16F7-4668-BE54-9A1E7A4F7556}") = "GestionVentasOrdenadores", "GestionVentasOrdenadores\GestionVentasOrdenadores.csproj", "{99C36174-843E-4D17-9F25-6C14043D3BF5}"
EndProject
Project("{9A19103F-16F7-4668-BE54-9A1E7A4F7556}") = "Discografica", "Discografica\Discografica.csproj", "{BBEB5554-BBFC-400F-B843-D83C6227FFF1}"
EndProject
Project("{9A19103F-16F7-4668-BE54-9A1E7A4F7556}") = "SistemaDefensa", "SistemaDefensa\SistemaDefensa.csproj", "{5FCAF93F-52B4-4416-9306-8F1F14BDF017}"
EndProject
Project("{9A19103F-16F7-4668-BE54-9A1E7A4F7556}") = "ControlPlagas", "ControlPlagas\ControlPlagas.csproj", "{5B15AFDA-20F0-4725-9444-9287A5255AA6}"
EndProject
Global
	GlobalSection(SolutionConfigurationPlatforms) = preSolution
		Debug|Any CPU = Debug|Any CPU
		Release|Any CPU = Release|Any CPU
	EndGlobalSection
	GlobalSection(ProjectConfigurationPlatforms) = postSolution
		{16E8EC64-77A6-49C8-AF66-C3643EA95237}.Debug|Any CPU.ActiveCfg = Debug|Any CPU
		{16E8EC64-77A6-49C8-AF66-C3643EA95237}.Debug|Any CPU.Build.0 = Debug|Any CPU
		{16E8EC64-77A6-49C8-AF66-C3643EA95237}.Release|Any CPU.ActiveCfg = Release|Any CPU
		{16E8EC64-77A6-49C8-AF66-C3643EA95237}.Release|Any CPU.Build.0 = Release|Any CPU
		{99C36174-843E-4D17-9F25-6C14043D3BF5}.Debug|Any CPU.ActiveCfg = Debug|Any CPU
		{99C36174-843E-4D17-9F25-6C14043D3BF5}.Debug|Any CPU.Build.0 = Debug|Any CPU
		{99C36174-843E-4D17-9F25-6C14043D3BF5}.Release|Any CPU.ActiveCfg = Release|Any CPU
		{99C36174-843E-4D17-9F25-6C14043D3BF5}.Release|Any CPU.Build.0 = Release|Any CPU
		{BBEB5554-BBFC-400F-B843-D83C6227FFF1}.Debug|Any CPU.ActiveCfg = Debug|Any CPU
		{BBEB5554-BBFC-400F-B843-D83C6227FFF1}.Debug|Any CPU.Build.0 = Debug|Any CPU
		{BBEB5554-BBFC-400F-B843-D83C6227FFF1}.Release|Any CPU.ActiveCfg = Release|Any CPU
		{BBEB5554-BBFC-400F-B843-D83C6227FFF1}.Release|Any CPU.Build.0 = Release|Any CPU
		{5FCAF93F-52B4-4416-9306-8F1F14BDF017}.Debug|Any CPU.ActiveCfg = Debug|Any CPU
		{5FCAF93F-52B4-4416-9306-8F1F14BDF017}.Debug|Any CPU.Build.0 = Debug|Any CPU
		{5FCAF93F-52B4-4416-9306-8F1F14BDF017}.Release|Any CPU.ActiveCfg = Release|Any CPU
		{5FCAF93F-52B4-4416-9306-8F1F14BDF017}.Release|Any CPU.Build.0 = Release|Any CPU
		{5B15AFDA-20F0-4725-9444-9287A5255AA6}.Debug|Any CPU.ActiveCfg = Debug|Any CPU
		{5B15AFDA-20F0-4725-9444-9287A5255AA6}.Debug|Any CPU.Build.0 = Debug|Any CPU
		{5B15AFDA-20F0-4725-9444-9287A5255AA6}.Release|Any CPU.ActiveCfg = Release|Any CPU
		{5B15AFDA-20F0-4725-9444-9287A5255AA6}.Release|Any CPU.Build.0 = Release|Any CPU
	EndGlobalSection
	GlobalSection(SolutionProperties) = preSolution
		HideSolutionNode = FALSE
	EndGlobalSection
	GlobalSection(ExtensibilityGlobals) = postSolution
		SolutionGuid = {ED4105CD-6FDA-40F9-BBEF-2908EE35F29C}
	EndGlobalSection
EndGlobal
